
Microsoft Visual Studio Solution File, Format Version 12.00
# Visual Studio Version 16
VisualStudioVersion = 16.0.31727.386
MinimumVisualStudioVersion = 10.0.40219.1
Project("{FAE04EC0-301F-11D3-BF4B-00C04F79EFBC}") = "ConsoleMyBankApp", "ConsoleMyBankApp\ConsoleMyBankApp.csproj", "{F9CD195F-87D8-4310-AB88-2936D04B5A61}"
EndProject
Global
	GlobalSection(SolutionConfigurationPlatforms) = preSolution
		Debug|Any CPU = Debug|Any CPU
		Release|Any CPU = Release|Any CPU
	EndGlobalSection
	GlobalSection(ProjectConfigurationPlatforms) = postSolution
		{F9CD195F-87D8-4310-AB88-2936D04B5A61}.Debug|Any CPU.ActiveCfg = Debug|Any CPU
		{F9CD195F-87D8-4310-AB88-2936D04B5A61}.Debug|Any CPU.Build.0 = Debug|Any CPU
		{F9CD195F-87D8-4310-AB88-2936D04B5A61}.Release|Any CPU.ActiveCfg = Release|Any CPU
		{F9CD195F-87D8-4310-AB88-2936D04B5A61}.Release|Any CPU.Build.0 = Release|Any CPU
	EndGlobalSection
	GlobalSection(SolutionProperties) = preSolution
		HideSolutionNode = FALSE
	EndGlobalSection
	GlobalSection(ExtensibilityGlobals) = postSolution
		SolutionGuid = {03921FE6-0D7B-4192-B800-60A2B4F471D2}
	EndGlobalSection
EndGlobal
